
Microsoft Visual Studio Solution File, Format Version 12.00
# Visual Studio Version 17
VisualStudioVersion = 17.7.34024.191
MinimumVisualStudioVersion = 10.0.40219.1
Project("{FAE04EC0-301F-11D3-BF4B-00C04F79EFBC}") = "GitHubDemoProject", "GitHubDemoProject\GitHubDemoProject.csproj", "{5A1E9198-05D5-4CB8-AE9D-E4D3259D270D}"
EndProject
Global
	GlobalSection(SolutionConfigurationPlatforms) = preSolution
		Debug|Any CPU = Debug|Any CPU
		Release|Any CPU = Release|Any CPU
	EndGlobalSection
	GlobalSection(ProjectConfigurationPlatforms) = postSolution
		{5A1E9198-05D5-4CB8-AE9D-E4D3259D270D}.Debug|Any CPU.ActiveCfg = Debug|Any CPU
		{5A1E9198-05D5-4CB8-AE9D-E4D3259D270D}.Debug|Any CPU.Build.0 = Debug|Any CPU
		{5A1E9198-05D5-4CB8-AE9D-E4D3259D270D}.Release|Any CPU.ActiveCfg = Release|Any CPU
		{5A1E9198-05D5-4CB8-AE9D-E4D3259D270D}.Release|Any CPU.Build.0 = Release|Any CPU
	EndGlobalSection
	GlobalSection(SolutionProperties) = preSolution
		HideSolutionNode = FALSE
	EndGlobalSection
	GlobalSection(ExtensibilityGlobals) = postSolution
		SolutionGuid = {681CFB92-C2B2-4E14-97FD-D74EBD5286C9}
	EndGlobalSection
EndGlobal
